
Microsoft Visual Studio Solution File, Format Version 12.00
# Visual Studio Version 17
VisualStudioVersion = 17.8.34330.188
MinimumVisualStudioVersion = 10.0.40219.1
Project("{2150E333-8FDC-42A3-9474-1A3956D46DE8}") = "src", "src", "{7E1B1F5A-4FBB-47AE-B204-399403908894}"
EndProject
Project("{FAE04EC0-301F-11D3-BF4B-00C04F79EFBC}") = "NovelNest.UI", "NovelNest.UI\NovelNest.UI.csproj", "{F89CED27-50FF-483B-B236-6F799B506D2D}"
EndProject
Project("{FAE04EC0-301F-11D3-BF4B-00C04F79EFBC}") = "NovelNest.Domain", "NovelNest.Domain\NovelNest.Domain.csproj", "{DD9257BA-AB67-44B6-B063-6E267636ACCB}"
EndProject
Project("{FAE04EC0-301F-11D3-BF4B-00C04F79EFBC}") = "NovelNest.Application", "NovelNest.Application\NovelNest.Application.csproj", "{3E792CCF-3F99-48A2-BE8D-DB1F20EEC58B}"
EndProject
Project("{FAE04EC0-301F-11D3-BF4B-00C04F79EFBC}") = "NovelNest.Infrastructure", "NovelNest.Infrastructure\NovelNest.Infrastructure.csproj", "{5EC5C065-DD8C-44DB-8449-3DEADCADF6E4}"
EndProject
Global
	GlobalSection(SolutionConfigurationPlatforms) = preSolution
		Debug|Any CPU = Debug|Any CPU
		Release|Any CPU = Release|Any CPU
	EndGlobalSection
	GlobalSection(ProjectConfigurationPlatforms) = postSolution
		{F89CED27-50FF-483B-B236-6F799B506D2D}.Debug|Any CPU.ActiveCfg = Debug|Any CPU
		{F89CED27-50FF-483B-B236-6F799B506D2D}.Debug|Any CPU.Build.0 = Debug|Any CPU
		{F89CED27-50FF-483B-B236-6F799B506D2D}.Release|Any CPU.ActiveCfg = Release|Any CPU
		{F89CED27-50FF-483B-B236-6F799B506D2D}.Release|Any CPU.Build.0 = Release|Any CPU
		{DD9257BA-AB67-44B6-B063-6E267636ACCB}.Debug|Any CPU.ActiveCfg = Debug|Any CPU
		{DD9257BA-AB67-44B6-B063-6E267636ACCB}.Debug|Any CPU.Build.0 = Debug|Any CPU
		{DD9257BA-AB67-44B6-B063-6E267636ACCB}.Release|Any CPU.ActiveCfg = Release|Any CPU
		{DD9257BA-AB67-44B6-B063-6E267636ACCB}.Release|Any CPU.Build.0 = Release|Any CPU
		{3E792CCF-3F99-48A2-BE8D-DB1F20EEC58B}.Debug|Any CPU.ActiveCfg = Debug|Any CPU
		{3E792CCF-3F99-48A2-BE8D-DB1F20EEC58B}.Debug|Any CPU.Build.0 = Debug|Any CPU
		{3E792CCF-3F99-48A2-BE8D-DB1F20EEC58B}.Release|Any CPU.ActiveCfg = Release|Any CPU
		{3E792CCF-3F99-48A2-BE8D-DB1F20EEC58B}.Release|Any CPU.Build.0 = Release|Any CPU
		{5EC5C065-DD8C-44DB-8449-3DEADCADF6E4}.Debug|Any CPU.ActiveCfg = Debug|Any CPU
		{5EC5C065-DD8C-44DB-8449-3DEADCADF6E4}.Debug|Any CPU.Build.0 = Debug|Any CPU
		{5EC5C065-DD8C-44DB-8449-3DEADCADF6E4}.Release|Any CPU.ActiveCfg = Release|Any CPU
		{5EC5C065-DD8C-44DB-8449-3DEADCADF6E4}.Release|Any CPU.Build.0 = Release|Any CPU
	EndGlobalSection
	GlobalSection(SolutionProperties) = preSolution
		HideSolutionNode = FALSE
	EndGlobalSection
	GlobalSection(NestedProjects) = preSolution
		{F89CED27-50FF-483B-B236-6F799B506D2D} = {7E1B1F5A-4FBB-47AE-B204-399403908894}
		{DD9257BA-AB67-44B6-B063-6E267636ACCB} = {7E1B1F5A-4FBB-47AE-B204-399403908894}
		{3E792CCF-3F99-48A2-BE8D-DB1F20EEC58B} = {7E1B1F5A-4FBB-47AE-B204-399403908894}
		{5EC5C065-DD8C-44DB-8449-3DEADCADF6E4} = {7E1B1F5A-4FBB-47AE-B204-399403908894}
	EndGlobalSection
	GlobalSection(ExtensibilityGlobals) = postSolution
		SolutionGuid = {1DB9ACB4-23E7-454E-8FF3-F72601764FDD}
	EndGlobalSection
EndGlobal
